<?xml version="1.0" encoding="UTF-8" standalone="yes" ?>
<CodeBlocks_project_file>
	<FileVersion major="1" minor="6" />
	<Project>
		<Option title="gestao_scrum" />
		<Option pch_mode="2" />
		<Option compiler="gcc" />
		<Build>
			<Target title="Debug">
				<Option output="bin/Debug/gestao_scrum" prefix_auto="1" extension_auto="1" />
				<Option object_output="obj/Debug/" />
				<Option type="1" />
				<Option compiler="gcc" />
				<Compiler>
					<Add option="-g" />
					<Add directory="src/Dominio" />
					<Add directory="include/Dominio" />
					<Add directory="src/Entidade" />
					<Add directory="include/Entidade" />
				</Compiler>
			</Target>
			<Target title="Release">
				<Option output="bin/Release/gestao_scrum" prefix_auto="1" extension_auto="1" />
				<Option object_output="obj/Release/" />
				<Option type="1" />
				<Option compiler="gcc" />
				<Compiler>
					<Add option="-O2" />
				</Compiler>
				<Linker>
					<Add option="-s" />
				</Linker>
			</Target>
		</Build>
		<Compiler>
			<Add option="-Wall" />
			<Add option="-fexceptions" />
		</Compiler>
		<Unit filename="include/Dominio/Codigo.hpp" />
		<Unit filename="include/Dominio/Data.hpp" />
		<Unit filename="include/Dominio/Email.hpp" />
		<Unit filename="include/Dominio/Estado.hpp" />
		<Unit filename="include/Dominio/Nome.hpp" />
		<Unit filename="include/Dominio/Papel.hpp" />
		<Unit filename="include/Dominio/Prioridade.hpp" />
		<Unit filename="include/Dominio/Senha.hpp" />
		<Unit filename="include/Dominio/Tempo.hpp">
			<Option target="&lt;{~None~}&gt;" />
		</Unit>
		<Unit filename="include/Dominio/Texto.hpp">
			<Option target="&lt;{~None~}&gt;" />
		</Unit>
		<Unit filename="include/Entidade/Pessoa.hpp" />
		<Unit filename="include/Entidade/Projeto.hpp" />
		<Unit filename="src/Dominio/Codigo.cpp" />
		<Unit filename="src/Dominio/Data.cpp" />
		<Unit filename="src/Dominio/Email.cpp" />
		<Unit filename="src/Dominio/Estado.cpp" />
		<Unit filename="src/Dominio/Nome.cpp" />
		<Unit filename="src/Dominio/Papel.cpp" />
		<Unit filename="src/Dominio/Prioridade.cpp" />
		<Unit filename="src/Dominio/Senha.cpp" />
		<Unit filename="src/Dominio/Tempo.cpp">
			<Option target="&lt;{~None~}&gt;" />
		</Unit>
		<Unit filename="src/Dominio/Texto.cpp">
			<Option target="&lt;{~None~}&gt;" />
		</Unit>
		<Unit filename="src/Entidade/Pessoa.cpp" />
		<Unit filename="src/Entidade/Projeto.cpp" />
		<Unit filename="src/main.cpp" />
		<Unit filename="src/mainPessoa.cpp">
			<Option compile="0" />
			<Option link="0" />
		</Unit>
		<Unit filename="test/ProjetoTest.cpp" />
		<Unit filename="test/ProjetoTest.hpp" />
		<Unit filename="test/TempoTest.cpp">
			<Option target="&lt;{~None~}&gt;" />
		</Unit>
		<Unit filename="test/TempoTest.hpp">
			<Option target="&lt;{~None~}&gt;" />
		</Unit>
		<Unit filename="test/TextoTest.cpp">
			<Option target="&lt;{~None~}&gt;" />
		</Unit>
		<Unit filename="test/TextoTest.hpp">
			<Option target="&lt;{~None~}&gt;" />
		</Unit>
		<Unit filename="test/main_test.cpp" />
		<Extensions>
			<DoxyBlocks>
				<comment_style block="2" line="2" />
				<doxyfile_project />
				<doxyfile_build />
				<doxyfile_warnings />
				<doxyfile_output />
				<doxyfile_dot />
				<general />
			</DoxyBlocks>
		</Extensions>
	</Project>
</CodeBlocks_project_file>
